
Microsoft Visual Studio Solution File, Format Version 12.00
# Visual Studio 15
Project("{FAE04EC0-301F-11D3-BF4B-00C04F79EFBC}") = "MultiTurnPromptBot", "MultiTurnPromptBot.csproj", "{2151E987-6F23-4D69-925D-F7834CA8A9F8}"
EndProject
Global
	GlobalSection(SolutionConfigurationPlatforms) = preSolution
		Debug|Any CPU = Debug|Any CPU
		Release|Any CPU = Release|Any CPU
	EndGlobalSection
	GlobalSection(ProjectConfigurationPlatforms) = postSolution
		{2151E987-6F23-4D69-925D-F7834CA8A9F8}.Debug|Any CPU.ActiveCfg = Debug|Any CPU
		{2151E987-6F23-4D69-925D-F7834CA8A9F8}.Debug|Any CPU.Build.0 = Debug|Any CPU
		{2151E987-6F23-4D69-925D-F7834CA8A9F8}.Release|Any CPU.ActiveCfg = Release|Any CPU
		{2151E987-6F23-4D69-925D-F7834CA8A9F8}.Release|Any CPU.Build.0 = Release|Any CPU
	EndGlobalSection
EndGlobal
